<?xml version="1.0" encoding="utf-8"?>
<Project ToolsVersion="4.0" xmlns="http://schemas.microsoft.com/developer/msbuild/2003">
  <ItemGroup>
    <Filter Include="Source Files">
      <UniqueIdentifier>{4FC737F1-C7A5-4376-A066-2A32D752A2FF}</UniqueIdentifier>
      <Extensions>cpp;c;cc;cxx;c++;cppm;ixx;def;odl;idl;hpj;bat;asm;asmx</Extensions>
    </Filter>
    <Filter Include="Header Files">
      <UniqueIdentifier>{93995380-89BD-4b04-88EB-625FBE52EBFB}</UniqueIdentifier>
      <Extensions>h;hh;hpp;hxx;h++;hm;inl;inc;ipp;xsd</Extensions>
    </Filter>
    <Filter Include="Resource Files">
      <UniqueIdentifier>{67DA6AB6-F800-4c08-8B7A-83BB121AAD01}</UniqueIdentifier>
      <Extensions>rc;ico;cur;bmp;dlg;rc2;rct;bin;rgs;gif;jpg;jpeg;jpe;resx;tiff;tif;png;wav;mfcribbon-ms</Extensions>
    </Filter>
  </ItemGroup>
  <ItemGroup>
    <ClCompile Include="CpuArithmeticApp.cpp">
      <Filter>Source Files</Filter>
    </ClCompile>
    <ClCompile Include="AppFunctions\src\core\opChoice.cpp">
      <Filter>Source Files</Filter>
    </ClCompile>
    <ClCompile Include="AppFunctions\src\vecAdd\vecAddFunc.cpp">
      <Filter>Source Files</Filter>
    </ClCompile>
    <ClCompile Include="AppFunctions\src\matMulti\matMultiFunc.cpp">
      <Filter>Source Files</Filter>
    </ClCompile>
    <ClCompile Include="AppFunctions\src\matMulti\matMultiConSet.cpp">
      <Filter>Source Files</Filter>
    </ClCompile>
    <ClCompile Include="AppFunctions\src\matMulti\matMultiNumGen.cpp">
      <Filter>Source Files</Filter>
    </ClCompile>
    <ClCompile Include="AppFunctions\src\matMulti\matMultiCheck.cpp">
      <Filter>Source Files</Filter>
    </ClCompile>
    <ClCompile Include="AppFunctions\src\matMulti\matMultiCore.cpp">
      <Filter>Source Files</Filter>
    </ClCompile>
    <ClCompile Include="AppFunctions\src\oneConv\oneConvCheck.cpp">
      <Filter>Source Files</Filter>
    </ClCompile>
    <ClCompile Include="AppFunctions\src\oneConv\oneConvConSet.cpp">
      <Filter>Source Files</Filter>
    </ClCompile>
    <ClCompile Include="AppFunctions\src\oneConv\oneConvCore.cpp">
      <Filter>Source Files</Filter>
    </ClCompile>
    <ClCompile Include="AppFunctions\src\oneConv\oneConvFunc.cpp">
      <Filter>Source Files</Filter>
    </ClCompile>
    <ClCompile Include="AppFunctions\src\oneConv\oneConvNumGen.cpp">
      <Filter>Source Files</Filter>
    </ClCompile>
    <ClCompile Include="AppFunctions\src\twoConv\twoConvCheck.cpp">
      <Filter>Source Files</Filter>
    </ClCompile>
    <ClCompile Include="AppFunctions\src\twoConv\twoConvCore.cpp">
      <Filter>Source Files</Filter>
    </ClCompile>
    <ClCompile Include="AppFunctions\src\twoConv\twoConvFunc.cpp">
      <Filter>Source Files</Filter>
    </ClCompile>
    <ClCompile Include="AppFunctions\src\twoConv\twoConvNumGen.cpp">
      <Filter>Source Files</Filter>
    </ClCompile>
    <ClCompile Include="AppFunctions\src\twoConv\twoConvConSet.cpp">
      <Filter>Source Files</Filter>
    </ClCompile>
    <ClCompile Include="AppFunctions\src\vecAdd\vecAddCheck.cpp">
      <Filter>Source Files</Filter>
    </ClCompile>
    <ClCompile Include="AppFunctions\src\vecAdd\vecAddConSet.cpp">
      <Filter>Source Files</Filter>
    </ClCompile>
    <ClCompile Include="AppFunctions\src\vecAdd\vecAddCore.cpp">
      <Filter>Source Files</Filter>
    </ClCompile>
    <ClCompile Include="AppFunctions\src\vecAdd\vecAddNumGen.cpp">
      <Filter>Source Files</Filter>
    </ClCompile>
  </ItemGroup>
  <ItemGroup>
    <ClInclude Include="AppFunctions\addFunc.h">
      <Filter>Header Files</Filter>
    </ClInclude>
    <ClInclude Include="AppFunctions\checkAdd.h">
      <Filter>Header Files</Filter>
    </ClInclude>
    <ClInclude Include="AppFunctions\conSet.h">
      <Filter>Header Files</Filter>
    </ClInclude>
    <ClInclude Include="AppFunctions\numGen.h">
      <Filter>Header Files</Filter>
    </ClInclude>
    <ClInclude Include="AppFunctions\numGen\numGen.h">
      <Filter>Header Files</Filter>
    </ClInclude>
    <ClInclude Include="AppFunctions\addFunc\addFunc.h">
      <Filter>Header Files</Filter>
    </ClInclude>
    <ClInclude Include="AppFunctions\checkAdd\checkAdd.h">
      <Filter>Header Files</Filter>
    </ClInclude>
    <ClInclude Include="AppFunctions\conSet\conSet.h">
      <Filter>Header Files</Filter>
    </ClInclude>
    <ClInclude Include="AppFunctions\inc\allHeaders.h">
      <Filter>Header Files</Filter>
    </ClInclude>
    <ClInclude Include="AppFunctions\inc\core\opChoice.h">
      <Filter>Header Files</Filter>
    </ClInclude>
    <ClInclude Include="AppFunctions\inc\allTDefs.h">
      <Filter>Header Files</Filter>
    </ClInclude>
    <ClInclude Include="AppFunctions\inc\vecAdd\vecAddFunc.h">
      <Filter>Header Files</Filter>
    </ClInclude>
    <ClInclude Include="AppFunctions\inc\matMulti\matMultiCore.h">
      <Filter>Header Files</Filter>
    </ClInclude>
    <ClInclude Include="AppFunctions\inc\matMulti\matMultiCheck.h">
      <Filter>Header Files</Filter>
    </ClInclude>
    <ClInclude Include="AppFunctions\inc\matMulti\matMultiConSet.h">
      <Filter>Header Files</Filter>
    </ClInclude>
    <ClInclude Include="AppFunctions\inc\matMulti\matMultiNumGen.h">
      <Filter>Header Files</Filter>
    </ClInclude>
    <ClInclude Include="AppFunctions\inc\matMulti\matMultiFunc.h">
      <Filter>Header Files</Filter>
    </ClInclude>
    <ClInclude Include="AppFunctions\inc\oneConv\oneConvNumGen.h">
      <Filter>Header Files</Filter>
    </ClInclude>
    <ClInclude Include="AppFunctions\inc\oneConv\oneConvFunc.h">
      <Filter>Header Files</Filter>
    </ClInclude>
    <ClInclude Include="AppFunctions\inc\oneConv\oneConvConSet.h">
      <Filter>Header Files</Filter>
    </ClInclude>
    <ClInclude Include="AppFunctions\inc\oneConv\oneConvCore.h">
      <Filter>Header Files</Filter>
    </ClInclude>
    <ClInclude Include="AppFunctions\inc\oneConv\oneConvCheck.h">
      <Filter>Header Files</Filter>
    </ClInclude>
    <ClInclude Include="AppFunctions\inc\twoConv\twoConvCheck.h">
      <Filter>Header Files</Filter>
    </ClInclude>
    <ClInclude Include="AppFunctions\inc\twoConv\twoConvCore.h">
      <Filter>Header Files</Filter>
    </ClInclude>
    <ClInclude Include="AppFunctions\inc\twoConv\twoConvNumGen.h">
      <Filter>Header Files</Filter>
    </ClInclude>
    <ClInclude Include="AppFunctions\inc\twoConv\twoConvFunc.h">
      <Filter>Header Files</Filter>
    </ClInclude>
    <ClInclude Include="AppFunctions\inc\twoConv\twoConvConSet.h">
      <Filter>Header Files</Filter>
    </ClInclude>
    <ClInclude Include="AppFunctions\inc\vecAdd\vecAddNumGen.h">
      <Filter>Header Files</Filter>
    </ClInclude>
    <ClInclude Include="AppFunctions\inc\vecAdd\vecAddConSet.h">
      <Filter>Header Files</Filter>
    </ClInclude>
    <ClInclude Include="AppFunctions\inc\vecAdd\vecAddCheck.h">
      <Filter>Header Files</Filter>
    </ClInclude>
    <ClInclude Include="AppFunctions\inc\vecAdd\vecAddCore.h">
      <Filter>Header Files</Filter>
    </ClInclude>
  </ItemGroup>
  <ItemGroup>
    <None Include="Debug\CpuArithmeticApp.tlog\unsuccessfulbuild" />
  </ItemGroup>
</Project>