
Microsoft Visual Studio Solution File, Format Version 12.00
# Visual Studio Version 16
VisualStudioVersion = 16.0.30907.101
MinimumVisualStudioVersion = 10.0.40219.1
Project("{8BC9CEB8-8B4A-11D0-8D11-00A0C91BC942}") = "naive_1d_convolution_serial_final", "naive_1d_convolution_serial_final.vcxproj", "{79CBFA9D-9006-4AEC-A70D-06BA3D26150E}"
EndProject
Global
	GlobalSection(SolutionConfigurationPlatforms) = preSolution
		Debug|x64 = Debug|x64
		Debug|x86 = Debug|x86
		Release|x64 = Release|x64
		Release|x86 = Release|x86
	EndGlobalSection
	GlobalSection(ProjectConfigurationPlatforms) = postSolution
		{79CBFA9D-9006-4AEC-A70D-06BA3D26150E}.Debug|x64.ActiveCfg = Debug|x64
		{79CBFA9D-9006-4AEC-A70D-06BA3D26150E}.Debug|x64.Build.0 = Debug|x64
		{79CBFA9D-9006-4AEC-A70D-06BA3D26150E}.Debug|x86.ActiveCfg = Debug|Win32
		{79CBFA9D-9006-4AEC-A70D-06BA3D26150E}.Debug|x86.Build.0 = Debug|Win32
		{79CBFA9D-9006-4AEC-A70D-06BA3D26150E}.Release|x64.ActiveCfg = Release|x64
		{79CBFA9D-9006-4AEC-A70D-06BA3D26150E}.Release|x64.Build.0 = Release|x64
		{79CBFA9D-9006-4AEC-A70D-06BA3D26150E}.Release|x86.ActiveCfg = Release|Win32
		{79CBFA9D-9006-4AEC-A70D-06BA3D26150E}.Release|x86.Build.0 = Release|Win32
	EndGlobalSection
	GlobalSection(SolutionProperties) = preSolution
		HideSolutionNode = FALSE
	EndGlobalSection
	GlobalSection(ExtensibilityGlobals) = postSolution
		SolutionGuid = {8FE9CAB0-279C-426B-B8E9-81F37B3040CB}
	EndGlobalSection
EndGlobal
