
Microsoft Visual Studio Solution File, Format Version 12.00
# Visual Studio Version 16
VisualStudioVersion = 16.0.30907.101
MinimumVisualStudioVersion = 10.0.40219.1
Project("{8BC9CEB8-8B4A-11D0-8D11-00A0C91BC942}") = "GpuArithmeticApp", "GpuArithmeticApp.vcxproj", "{5B6FB0CE-7ACD-40DD-AC4C-7BF9843878D7}"
EndProject
Global
	GlobalSection(SolutionConfigurationPlatforms) = preSolution
		Debug|x64 = Debug|x64
		Release|x64 = Release|x64
	EndGlobalSection
	GlobalSection(ProjectConfigurationPlatforms) = postSolution
		{5B6FB0CE-7ACD-40DD-AC4C-7BF9843878D7}.Debug|x64.ActiveCfg = Debug|x64
		{5B6FB0CE-7ACD-40DD-AC4C-7BF9843878D7}.Debug|x64.Build.0 = Debug|x64
		{5B6FB0CE-7ACD-40DD-AC4C-7BF9843878D7}.Release|x64.ActiveCfg = Release|x64
		{5B6FB0CE-7ACD-40DD-AC4C-7BF9843878D7}.Release|x64.Build.0 = Release|x64
	EndGlobalSection
	GlobalSection(SolutionProperties) = preSolution
		HideSolutionNode = FALSE
	EndGlobalSection
	GlobalSection(ExtensibilityGlobals) = postSolution
		SolutionGuid = {91865919-5482-483B-A0C9-045633FB696E}
	EndGlobalSection
EndGlobal
